{
  "requires": true,
  "lockfileVersion": 1,
  "dependencies": {
    "d3-fisheye": {
      "version": "2.1.2",
      "resolved": "https://registry.npmjs.org/d3-fisheye/-/d3-fisheye-2.1.2.tgz",
      "integrity": "sha512-qioAftIns1yjPYEPetZnntMKUAWSt9TAx1MtCfT4n5KbJb/BH1vgnJV7927uKoQHWOAelXacOP0nwD1PuYlo4w=="
    }
  }
}
